
Microsoft Visual Studio Solution File, Format Version 12.00
# Visual Studio Version 17
VisualStudioVersion = 17.3.32901.215
MinimumVisualStudioVersion = 10.0.40219.1
Project("{FAE04EC0-301F-11D3-BF4B-00C04F79EFBC}") = "MySecondVSAppFunctionJD", "MySecondVSAppFunctionJD.csproj", "{65BE7DB7-FF4B-4874-B871-343D4C9429C5}"
EndProject
Global
	GlobalSection(SolutionConfigurationPlatforms) = preSolution
		Debug|Any CPU = Debug|Any CPU
		Release|Any CPU = Release|Any CPU
	EndGlobalSection
	GlobalSection(ProjectConfigurationPlatforms) = postSolution
		{65BE7DB7-FF4B-4874-B871-343D4C9429C5}.Debug|Any CPU.ActiveCfg = Debug|Any CPU
		{65BE7DB7-FF4B-4874-B871-343D4C9429C5}.Debug|Any CPU.Build.0 = Debug|Any CPU
		{65BE7DB7-FF4B-4874-B871-343D4C9429C5}.Release|Any CPU.ActiveCfg = Release|Any CPU
		{65BE7DB7-FF4B-4874-B871-343D4C9429C5}.Release|Any CPU.Build.0 = Release|Any CPU
	EndGlobalSection
	GlobalSection(SolutionProperties) = preSolution
		HideSolutionNode = FALSE
	EndGlobalSection
	GlobalSection(ExtensibilityGlobals) = postSolution
		SolutionGuid = {8BBE8457-13A8-4ED7-B2ED-BA483DFA163A}
	EndGlobalSection
EndGlobal
